<?xml version="1.0" encoding="utf-8"?>
<Project ToolsVersion="4.0" xmlns="http://schemas.microsoft.com/developer/msbuild/2003">
  <ItemGroup>
    <Filter Include="Source Files">
      <UniqueIdentifier>{4FC737F1-C7A5-4376-A066-2A32D752A2FF}</UniqueIdentifier>
      <Extensions>cpp;c;cc;cxx;def;odl;idl;hpj;bat;asm;asmx</Extensions>
    </Filter>
    <Filter Include="Source Files\dec">
      <UniqueIdentifier>{898f62af-7401-4f82-9452-2b72677517d7}</UniqueIdentifier>
    </Filter>
    <Filter Include="Source Files\dsp">
      <UniqueIdentifier>{3e44808f-e2b1-4d2b-b50f-8b8d56f209ac}</UniqueIdentifier>
    </Filter>
    <Filter Include="Source Files\enc">
      <UniqueIdentifier>{40bf922d-3f05-4278-a848-9a8f9c1d9474}</UniqueIdentifier>
    </Filter>
    <Filter Include="Source Files\utils">
      <UniqueIdentifier>{d906e31e-f602-4b1f-ba68-b1abb5ff9738}</UniqueIdentifier>
    </Filter>
    <Filter Include="Source Files\mux">
      <UniqueIdentifier>{4eeaa0c9-dead-4997-bff0-6c9a5af48cdd}</UniqueIdentifier>
    </Filter>
    <Filter Include="Source Files\demux">
      <UniqueIdentifier>{c7c9cc92-92ca-4844-b506-87ba16fe9d1d}</UniqueIdentifier>
    </Filter>
    <Filter Include="Header Files">
      <UniqueIdentifier>{93995380-89BD-4b04-88EB-625FBE52EBFB}</UniqueIdentifier>
      <Extensions>h;hpp;hxx;hm;inl;inc;xsd</Extensions>
    </Filter>
    <Filter Include="Header Files\dec">
      <UniqueIdentifier>{dff32b80-f0b7-49d7-b771-b92f85ee9848}</UniqueIdentifier>
    </Filter>
    <Filter Include="Header Files\dsp">
      <UniqueIdentifier>{88e77c9d-2044-4a31-920e-ee5f93256344}</UniqueIdentifier>
    </Filter>
    <Filter Include="Header Files\enc">
      <UniqueIdentifier>{a9d95275-6425-4ea0-841b-40c54d451735}</UniqueIdentifier>
    </Filter>
    <Filter Include="Header Files\webp">
      <UniqueIdentifier>{f8ab3946-dc90-46c3-856a-5b56f14bce33}</UniqueIdentifier>
    </Filter>
    <Filter Include="Header Files\utils">
      <UniqueIdentifier>{fb7ba256-3298-47b1-8382-c5a3e8d62004}</UniqueIdentifier>
    </Filter>
    <Filter Include="Header Files\mux">
      <UniqueIdentifier>{d494e420-63fe-4350-80fa-44e7c4786e1a}</UniqueIdentifier>
    </Filter>
  </ItemGroup>
  <ItemGroup>
    <ClInclude Include="src\dec\alphai_dec.h">
      <Filter>Header Files\dec</Filter>
    </ClInclude>
    <ClInclude Include="src\dec\common_dec.h">
      <Filter>Header Files\dec</Filter>
    </ClInclude>
    <ClInclude Include="src\dec\vp8_dec.h">
      <Filter>Header Files\dec</Filter>
    </ClInclude>
    <ClInclude Include="src\dec\vp8i_dec.h">
      <Filter>Header Files\dec</Filter>
    </ClInclude>
    <ClInclude Include="src\dec\vp8li_dec.h">
      <Filter>Header Files\dec</Filter>
    </ClInclude>
    <ClInclude Include="src\dec\webpi_dec.h">
      <Filter>Header Files\dec</Filter>
    </ClInclude>
    <ClInclude Include="src\enc\backward_references_enc.h">
      <Filter>Header Files\enc</Filter>
    </ClInclude>
    <ClInclude Include="src\enc\cost_enc.h">
      <Filter>Header Files\enc</Filter>
    </ClInclude>
    <ClInclude Include="src\enc\delta_palettization_enc.h">
      <Filter>Header Files\enc</Filter>
    </ClInclude>
    <ClInclude Include="src\enc\histogram_enc.h">
      <Filter>Header Files\enc</Filter>
    </ClInclude>
    <ClInclude Include="src\enc\vp8i_enc.h">
      <Filter>Header Files\enc</Filter>
    </ClInclude>
    <ClInclude Include="src\enc\vp8li_enc.h">
      <Filter>Header Files\enc</Filter>
    </ClInclude>
    <ClInclude Include="src\mux\animi.h">
      <Filter>Header Files\mux</Filter>
    </ClInclude>
    <ClInclude Include="src\mux\muxi.h">
      <Filter>Header Files\mux</Filter>
    </ClInclude>
    <ClInclude Include="src\utils\bit_reader_inl_utils.h">
      <Filter>Header Files\utils</Filter>
    </ClInclude>
    <ClInclude Include="src\utils\bit_reader_utils.h">
      <Filter>Header Files\utils</Filter>
    </ClInclude>
    <ClInclude Include="src\utils\bit_writer_utils.h">
      <Filter>Header Files\utils</Filter>
    </ClInclude>
    <ClInclude Include="src\utils\color_cache_utils.h">
      <Filter>Header Files\utils</Filter>
    </ClInclude>
    <ClInclude Include="src\utils\endian_inl_utils.h">
      <Filter>Header Files\utils</Filter>
    </ClInclude>
    <ClInclude Include="src\utils\filters_utils.h">
      <Filter>Header Files\utils</Filter>
    </ClInclude>
    <ClInclude Include="src\utils\huffman_encode_utils.h">
      <Filter>Header Files\utils</Filter>
    </ClInclude>
    <ClInclude Include="src\utils\huffman_utils.h">
      <Filter>Header Files\utils</Filter>
    </ClInclude>
    <ClInclude Include="src\utils\quant_levels_dec_utils.h">
      <Filter>Header Files\utils</Filter>
    </ClInclude>
    <ClInclude Include="src\utils\quant_levels_utils.h">
      <Filter>Header Files\utils</Filter>
    </ClInclude>
    <ClInclude Include="src\utils\random_utils.h">
      <Filter>Header Files\utils</Filter>
    </ClInclude>
    <ClInclude Include="src\utils\rescaler_utils.h">
      <Filter>Header Files\utils</Filter>
    </ClInclude>
    <ClInclude Include="src\utils\thread_utils.h">
      <Filter>Header Files\utils</Filter>
    </ClInclude>
    <ClInclude Include="src\utils\utils.h">
      <Filter>Header Files\utils</Filter>
    </ClInclude>
    <ClInclude Include="src\webp\decode.h">
      <Filter>Header Files\webp</Filter>
    </ClInclude>
    <ClInclude Include="src\webp\demux.h">
      <Filter>Header Files\webp</Filter>
    </ClInclude>
    <ClInclude Include="src\webp\encode.h">
      <Filter>Header Files\webp</Filter>
    </ClInclude>
    <ClInclude Include="src\webp\format_constants.h">
      <Filter>Header Files\webp</Filter>
    </ClInclude>
    <ClInclude Include="src\webp\mux.h">
      <Filter>Header Files\webp</Filter>
    </ClInclude>
    <ClInclude Include="src\webp\mux_types.h">
      <Filter>Header Files\webp</Filter>
    </ClInclude>
    <ClInclude Include="src\webp\types.h">
      <Filter>Header Files\webp</Filter>
    </ClInclude>
    <ClInclude Include="src\dsp\common_sse2.h">
      <Filter>Header Files\dsp</Filter>
    </ClInclude>
    <ClInclude Include="src\dsp\common_sse41.h">
      <Filter>Header Files\dsp</Filter>
    </ClInclude>
    <ClInclude Include="src\dsp\dsp.h">
      <Filter>Header Files\dsp</Filter>
    </ClInclude>
    <ClInclude Include="src\dsp\lossless.h">
      <Filter>Header Files\dsp</Filter>
    </ClInclude>
    <ClInclude Include="src\dsp\lossless_common.h">
      <Filter>Header Files\dsp</Filter>
    </ClInclude>
    <ClInclude Include="src\dsp\mips_macro.h">
      <Filter>Header Files\dsp</Filter>
    </ClInclude>
    <ClInclude Include="src\dsp\msa_macro.h">
      <Filter>Header Files\dsp</Filter>
    </ClInclude>
    <ClInclude Include="src\dsp\neon.h">
      <Filter>Header Files\dsp</Filter>
    </ClInclude>
    <ClInclude Include="src\dsp\yuv.h">
      <Filter>Header Files\dsp</Filter>
    </ClInclude>
  </ItemGroup>
  <ItemGroup>
    <ClCompile Include="src\dec\alpha_dec.c">
      <Filter>Source Files\dec</Filter>
    </ClCompile>
    <ClCompile Include="src\dec\buffer_dec.c">
      <Filter>Source Files\dec</Filter>
    </ClCompile>
    <ClCompile Include="src\dec\frame_dec.c">
      <Filter>Source Files\dec</Filter>
    </ClCompile>
    <ClCompile Include="src\dec\idec_dec.c">
      <Filter>Source Files\dec</Filter>
    </ClCompile>
    <ClCompile Include="src\dec\io_dec.c">
      <Filter>Source Files\dec</Filter>
    </ClCompile>
    <ClCompile Include="src\dec\quant_dec.c">
      <Filter>Source Files\dec</Filter>
    </ClCompile>
    <ClCompile Include="src\dec\tree_dec.c">
      <Filter>Source Files\dec</Filter>
    </ClCompile>
    <ClCompile Include="src\dec\vp8_dec.c">
      <Filter>Source Files\dec</Filter>
    </ClCompile>
    <ClCompile Include="src\dec\vp8l_dec.c">
      <Filter>Source Files\dec</Filter>
    </ClCompile>
    <ClCompile Include="src\dec\webp_dec.c">
      <Filter>Source Files\dec</Filter>
    </ClCompile>
    <ClCompile Include="src\demux\anim_decode.c">
      <Filter>Source Files\demux</Filter>
    </ClCompile>
    <ClCompile Include="src\demux\demux.c">
      <Filter>Source Files\demux</Filter>
    </ClCompile>
    <ClCompile Include="src\mux\anim_encode.c">
      <Filter>Source Files\mux</Filter>
    </ClCompile>
    <ClCompile Include="src\mux\muxedit.c">
      <Filter>Source Files\mux</Filter>
    </ClCompile>
    <ClCompile Include="src\mux\muxinternal.c">
      <Filter>Source Files\mux</Filter>
    </ClCompile>
    <ClCompile Include="src\mux\muxread.c">
      <Filter>Source Files\mux</Filter>
    </ClCompile>
    <ClCompile Include="src\utils\bit_reader_utils.c">
      <Filter>Source Files\utils</Filter>
    </ClCompile>
    <ClCompile Include="src\utils\bit_writer_utils.c">
      <Filter>Source Files\utils</Filter>
    </ClCompile>
    <ClCompile Include="src\utils\color_cache_utils.c">
      <Filter>Source Files\utils</Filter>
    </ClCompile>
    <ClCompile Include="src\utils\filters_utils.c">
      <Filter>Source Files\utils</Filter>
    </ClCompile>
    <ClCompile Include="src\utils\huffman_encode_utils.c">
      <Filter>Source Files\utils</Filter>
    </ClCompile>
    <ClCompile Include="src\utils\huffman_utils.c">
      <Filter>Source Files\utils</Filter>
    </ClCompile>
    <ClCompile Include="src\utils\quant_levels_dec_utils.c">
      <Filter>Source Files\utils</Filter>
    </ClCompile>
    <ClCompile Include="src\utils\quant_levels_utils.c">
      <Filter>Source Files\utils</Filter>
    </ClCompile>
    <ClCompile Include="src\utils\random_utils.c">
      <Filter>Source Files\utils</Filter>
    </ClCompile>
    <ClCompile Include="src\utils\rescaler_utils.c">
      <Filter>Source Files\utils</Filter>
    </ClCompile>
    <ClCompile Include="src\utils\thread_utils.c">
      <Filter>Source Files\utils</Filter>
    </ClCompile>
    <ClCompile Include="src\utils\utils.c">
      <Filter>Source Files\utils</Filter>
    </ClCompile>
    <ClCompile Include="src\dsp\alpha_processing.c">
      <Filter>Source Files\dsp</Filter>
    </ClCompile>
    <ClCompile Include="src\dsp\alpha_processing_mips_dsp_r2.c">
      <Filter>Source Files\dsp</Filter>
    </ClCompile>
    <ClCompile Include="src\dsp\alpha_processing_neon.c">
      <Filter>Source Files\dsp</Filter>
    </ClCompile>
    <ClCompile Include="src\dsp\alpha_processing_sse2.c">
      <Filter>Source Files\dsp</Filter>
    </ClCompile>
    <ClCompile Include="src\dsp\alpha_processing_sse41.c">
      <Filter>Source Files\dsp</Filter>
    </ClCompile>
    <ClCompile Include="src\dsp\cost.c">
      <Filter>Source Files\dsp</Filter>
    </ClCompile>
    <ClCompile Include="src\dsp\cost_mips_dsp_r2.c">
      <Filter>Source Files\dsp</Filter>
    </ClCompile>
    <ClCompile Include="src\dsp\cost_mips32.c">
      <Filter>Source Files\dsp</Filter>
    </ClCompile>
    <ClCompile Include="src\dsp\cost_sse2.c">
      <Filter>Source Files\dsp</Filter>
    </ClCompile>
    <ClCompile Include="src\dsp\cpu.c">
      <Filter>Source Files\dsp</Filter>
    </ClCompile>
    <ClCompile Include="src\dsp\dec.c">
      <Filter>Source Files\dsp</Filter>
    </ClCompile>
    <ClCompile Include="src\dsp\dec_clip_tables.c">
      <Filter>Source Files\dsp</Filter>
    </ClCompile>
    <ClCompile Include="src\dsp\dec_mips_dsp_r2.c">
      <Filter>Source Files\dsp</Filter>
    </ClCompile>
    <ClCompile Include="src\dsp\dec_mips32.c">
      <Filter>Source Files\dsp</Filter>
    </ClCompile>
    <ClCompile Include="src\dsp\dec_msa.c">
      <Filter>Source Files\dsp</Filter>
    </ClCompile>
    <ClCompile Include="src\dsp\dec_neon.c">
      <Filter>Source Files\dsp</Filter>
    </ClCompile>
    <ClCompile Include="src\dsp\dec_sse2.c">
      <Filter>Source Files\dsp</Filter>
    </ClCompile>
    <ClCompile Include="src\dsp\dec_sse41.c">
      <Filter>Source Files\dsp</Filter>
    </ClCompile>
    <ClCompile Include="src\dsp\enc.c">
      <Filter>Source Files\dsp</Filter>
    </ClCompile>
    <ClCompile Include="src\dsp\enc_avx2.c">
      <Filter>Source Files\dsp</Filter>
    </ClCompile>
    <ClCompile Include="src\dsp\enc_mips_dsp_r2.c">
      <Filter>Source Files\dsp</Filter>
    </ClCompile>
    <ClCompile Include="src\dsp\enc_mips32.c">
      <Filter>Source Files\dsp</Filter>
    </ClCompile>
    <ClCompile Include="src\dsp\enc_msa.c">
      <Filter>Source Files\dsp</Filter>
    </ClCompile>
    <ClCompile Include="src\dsp\enc_neon.c">
      <Filter>Source Files\dsp</Filter>
    </ClCompile>
    <ClCompile Include="src\dsp\enc_sse2.c">
      <Filter>Source Files\dsp</Filter>
    </ClCompile>
    <ClCompile Include="src\dsp\enc_sse41.c">
      <Filter>Source Files\dsp</Filter>
    </ClCompile>
    <ClCompile Include="src\dsp\filters.c">
      <Filter>Source Files\dsp</Filter>
    </ClCompile>
    <ClCompile Include="src\dsp\filters_mips_dsp_r2.c">
      <Filter>Source Files\dsp</Filter>
    </ClCompile>
    <ClCompile Include="src\dsp\filters_msa.c">
      <Filter>Source Files\dsp</Filter>
    </ClCompile>
    <ClCompile Include="src\dsp\filters_neon.c">
      <Filter>Source Files\dsp</Filter>
    </ClCompile>
    <ClCompile Include="src\dsp\filters_sse2.c">
      <Filter>Source Files\dsp</Filter>
    </ClCompile>
    <ClCompile Include="src\dsp\lossless.c">
      <Filter>Source Files\dsp</Filter>
    </ClCompile>
    <ClCompile Include="src\dsp\lossless_enc.c">
      <Filter>Source Files\dsp</Filter>
    </ClCompile>
    <ClCompile Include="src\dsp\lossless_enc_mips_dsp_r2.c">
      <Filter>Source Files\dsp</Filter>
    </ClCompile>
    <ClCompile Include="src\dsp\lossless_enc_mips32.c">
      <Filter>Source Files\dsp</Filter>
    </ClCompile>
    <ClCompile Include="src\dsp\lossless_enc_msa.c">
      <Filter>Source Files\dsp</Filter>
    </ClCompile>
    <ClCompile Include="src\dsp\lossless_enc_neon.c">
      <Filter>Source Files\dsp</Filter>
    </ClCompile>
    <ClCompile Include="src\dsp\lossless_enc_sse2.c">
      <Filter>Source Files\dsp</Filter>
    </ClCompile>
    <ClCompile Include="src\dsp\lossless_enc_sse41.c">
      <Filter>Source Files\dsp</Filter>
    </ClCompile>
    <ClCompile Include="src\dsp\lossless_mips_dsp_r2.c">
      <Filter>Source Files\dsp</Filter>
    </ClCompile>
    <ClCompile Include="src\dsp\lossless_msa.c">
      <Filter>Source Files\dsp</Filter>
    </ClCompile>
    <ClCompile Include="src\dsp\lossless_neon.c">
      <Filter>Source Files\dsp</Filter>
    </ClCompile>
    <ClCompile Include="src\dsp\lossless_sse2.c">
      <Filter>Source Files\dsp</Filter>
    </ClCompile>
    <ClCompile Include="src\dsp\rescaler.c">
      <Filter>Source Files\dsp</Filter>
    </ClCompile>
    <ClCompile Include="src\dsp\rescaler_mips_dsp_r2.c">
      <Filter>Source Files\dsp</Filter>
    </ClCompile>
    <ClCompile Include="src\dsp\rescaler_mips32.c">
      <Filter>Source Files\dsp</Filter>
    </ClCompile>
    <ClCompile Include="src\dsp\rescaler_msa.c">
      <Filter>Source Files\dsp</Filter>
    </ClCompile>
    <ClCompile Include="src\dsp\rescaler_neon.c">
      <Filter>Source Files\dsp</Filter>
    </ClCompile>
    <ClCompile Include="src\dsp\rescaler_sse2.c">
      <Filter>Source Files\dsp</Filter>
    </ClCompile>
    <ClCompile Include="src\dsp\ssim.c">
      <Filter>Source Files\dsp</Filter>
    </ClCompile>
    <ClCompile Include="src\dsp\ssim_sse2.c">
      <Filter>Source Files\dsp</Filter>
    </ClCompile>
    <ClCompile Include="src\dsp\upsampling.c">
      <Filter>Source Files\dsp</Filter>
    </ClCompile>
    <ClCompile Include="src\dsp\upsampling_mips_dsp_r2.c">
      <Filter>Source Files\dsp</Filter>
    </ClCompile>
    <ClCompile Include="src\dsp\upsampling_msa.c">
      <Filter>Source Files\dsp</Filter>
    </ClCompile>
    <ClCompile Include="src\dsp\upsampling_neon.c">
      <Filter>Source Files\dsp</Filter>
    </ClCompile>
    <ClCompile Include="src\dsp\upsampling_sse2.c">
      <Filter>Source Files\dsp</Filter>
    </ClCompile>
    <ClCompile Include="src\dsp\upsampling_sse41.c">
      <Filter>Source Files\dsp</Filter>
    </ClCompile>
    <ClCompile Include="src\dsp\yuv.c">
      <Filter>Source Files\dsp</Filter>
    </ClCompile>
    <ClCompile Include="src\dsp\yuv_mips_dsp_r2.c">
      <Filter>Source Files\dsp</Filter>
    </ClCompile>
    <ClCompile Include="src\dsp\yuv_mips32.c">
      <Filter>Source Files\dsp</Filter>
    </ClCompile>
    <ClCompile Include="src\dsp\yuv_neon.c">
      <Filter>Source Files\dsp</Filter>
    </ClCompile>
    <ClCompile Include="src\dsp\yuv_sse2.c">
      <Filter>Source Files\dsp</Filter>
    </ClCompile>
    <ClCompile Include="src\dsp\yuv_sse41.c">
      <Filter>Source Files\dsp</Filter>
    </ClCompile>
    <ClCompile Include="src\enc\alpha_enc.c">
      <Filter>Source Files\enc</Filter>
    </ClCompile>
    <ClCompile Include="src\enc\analysis_enc.c">
      <Filter>Source Files\enc</Filter>
    </ClCompile>
    <ClCompile Include="src\enc\backward_references_cost_enc.c">
      <Filter>Source Files\enc</Filter>
    </ClCompile>
    <ClCompile Include="src\enc\backward_references_enc.c">
      <Filter>Source Files\enc</Filter>
    </ClCompile>
    <ClCompile Include="src\enc\config_enc.c">
      <Filter>Source Files\enc</Filter>
    </ClCompile>
    <ClCompile Include="src\enc\cost_enc.c">
      <Filter>Source Files\enc</Filter>
    </ClCompile>
    <ClCompile Include="src\enc\filter_enc.c">
      <Filter>Source Files\enc</Filter>
    </ClCompile>
    <ClCompile Include="src\enc\frame_enc.c">
      <Filter>Source Files\enc</Filter>
    </ClCompile>
    <ClCompile Include="src\enc\histogram_enc.c">
      <Filter>Source Files\enc</Filter>
    </ClCompile>
    <ClCompile Include="src\enc\iterator_enc.c">
      <Filter>Source Files\enc</Filter>
    </ClCompile>
    <ClCompile Include="src\enc\near_lossless_enc.c">
      <Filter>Source Files\enc</Filter>
    </ClCompile>
    <ClCompile Include="src\enc\picture_csp_enc.c">
      <Filter>Source Files\enc</Filter>
    </ClCompile>
    <ClCompile Include="src\enc\picture_enc.c">
      <Filter>Source Files\enc</Filter>
    </ClCompile>
    <ClCompile Include="src\enc\picture_psnr_enc.c">
      <Filter>Source Files\enc</Filter>
    </ClCompile>
    <ClCompile Include="src\enc\picture_rescale_enc.c">
      <Filter>Source Files\enc</Filter>
    </ClCompile>
    <ClCompile Include="src\enc\picture_tools_enc.c">
      <Filter>Source Files\enc</Filter>
    </ClCompile>
    <ClCompile Include="src\enc\predictor_enc.c">
      <Filter>Source Files\enc</Filter>
    </ClCompile>
    <ClCompile Include="src\enc\quant_enc.c">
      <Filter>Source Files\enc</Filter>
    </ClCompile>
    <ClCompile Include="src\enc\syntax_enc.c">
      <Filter>Source Files\enc</Filter>
    </ClCompile>
    <ClCompile Include="src\enc\token_enc.c">
      <Filter>Source Files\enc</Filter>
    </ClCompile>
    <ClCompile Include="src\enc\tree_enc.c">
      <Filter>Source Files\enc</Filter>
    </ClCompile>
    <ClCompile Include="src\enc\vp8l_enc.c">
      <Filter>Source Files\enc</Filter>
    </ClCompile>
    <ClCompile Include="src\enc\webp_enc.c">
      <Filter>Source Files\enc</Filter>
    </ClCompile>
  </ItemGroup>
</Project>